
Microsoft Visual Studio Solution File, Format Version 12.00
# Visual Studio Version 17
VisualStudioVersion = 17.11.35327.3
MinimumVisualStudioVersion = 10.0.40219.1
Project("{FAE04EC0-301F-11D3-BF4B-00C04F79EFBC}") = "CGrafico", "Proyecto1\CGrafico.csproj", "{FC3D737E-6C26-4958-A89E-95A9A1164F0A}"
	ProjectSection(ProjectDependencies) = postProject
		{7B7E4C86-20FE-403B-88BA-98F5D91FFAB7} = {7B7E4C86-20FE-403B-88BA-98F5D91FFAB7}
	EndProjectSection
EndProject
Project("{FAE04EC0-301F-11D3-BF4B-00C04F79EFBC}") = "CNegocio", "CNegocio\CNegocio.csproj", "{7B7E4C86-20FE-403B-88BA-98F5D91FFAB7}"
	ProjectSection(ProjectDependencies) = postProject
		{3986633E-A812-4931-A3DB-7B987520565D} = {3986633E-A812-4931-A3DB-7B987520565D}
	EndProjectSection
EndProject
Project("{FAE04EC0-301F-11D3-BF4B-00C04F79EFBC}") = "CArchivos", "CArchivos\CArchivos.csproj", "{3986633E-A812-4931-A3DB-7B987520565D}"
EndProject
Global
	GlobalSection(SolutionConfigurationPlatforms) = preSolution
		Debug|Any CPU = Debug|Any CPU
		Release|Any CPU = Release|Any CPU
	EndGlobalSection
	GlobalSection(ProjectConfigurationPlatforms) = postSolution
		{FC3D737E-6C26-4958-A89E-95A9A1164F0A}.Debug|Any CPU.ActiveCfg = Debug|Any CPU
		{FC3D737E-6C26-4958-A89E-95A9A1164F0A}.Debug|Any CPU.Build.0 = Debug|Any CPU
		{FC3D737E-6C26-4958-A89E-95A9A1164F0A}.Release|Any CPU.ActiveCfg = Release|Any CPU
		{FC3D737E-6C26-4958-A89E-95A9A1164F0A}.Release|Any CPU.Build.0 = Release|Any CPU
		{7B7E4C86-20FE-403B-88BA-98F5D91FFAB7}.Debug|Any CPU.ActiveCfg = Debug|Any CPU
		{7B7E4C86-20FE-403B-88BA-98F5D91FFAB7}.Debug|Any CPU.Build.0 = Debug|Any CPU
		{7B7E4C86-20FE-403B-88BA-98F5D91FFAB7}.Release|Any CPU.ActiveCfg = Release|Any CPU
		{7B7E4C86-20FE-403B-88BA-98F5D91FFAB7}.Release|Any CPU.Build.0 = Release|Any CPU
		{3986633E-A812-4931-A3DB-7B987520565D}.Debug|Any CPU.ActiveCfg = Debug|Any CPU
		{3986633E-A812-4931-A3DB-7B987520565D}.Debug|Any CPU.Build.0 = Debug|Any CPU
		{3986633E-A812-4931-A3DB-7B987520565D}.Release|Any CPU.ActiveCfg = Release|Any CPU
		{3986633E-A812-4931-A3DB-7B987520565D}.Release|Any CPU.Build.0 = Release|Any CPU
	EndGlobalSection
	GlobalSection(SolutionProperties) = preSolution
		HideSolutionNode = FALSE
	EndGlobalSection
	GlobalSection(ExtensibilityGlobals) = postSolution
		SolutionGuid = {AAE4C5A2-8272-494A-B3FD-82CBE4EDF617}
	EndGlobalSection
EndGlobal
